{
  "name": "synergy-aoc-2022",
  "version": "0.0.0",
  "lockfileVersion": 2,
  "requires": true,
  "packages": {
    "": {
      "name": "synergy-aoc-2022",
      "version": "0.0.0",
      "license": "undefined",
      "dependencies": {
        "@tyriar/fibonacci-heap": "^2.0.9",
        "lodash": "^4.17.21"
      }
    },
    "node_modules/@tyriar/fibonacci-heap": {
      "version": "2.0.9",
      "resolved": "https://registry.npmjs.org/@tyriar/fibonacci-heap/-/fibonacci-heap-2.0.9.tgz",
      "integrity": "sha512-bYuSNomfn4hu2tPiDN+JZtnzCpSpbJ/PNeulmocDy3xN2X5OkJL65zo6rPZp65cPPhLF9vfT/dgE+RtFRCSxOA=="
    },
    "node_modules/lodash": {
      "version": "4.17.21",
      "resolved": "https://registry.npmjs.org/lodash/-/lodash-4.17.21.tgz",
      "integrity": "sha512-v2kDEe57lecTulaDIuNTPy3Ry4gLGJ6Z1O3vE1krgXZNrsQ+LFTGHVxVjcXPs17LhbZVGedAJv8XZ1tvj5FvSg=="
    }
  },
  "dependencies": {
    "@tyriar/fibonacci-heap": {
      "version": "2.0.9",
      "resolved": "https://registry.npmjs.org/@tyriar/fibonacci-heap/-/fibonacci-heap-2.0.9.tgz",
      "integrity": "sha512-bYuSNomfn4hu2tPiDN+JZtnzCpSpbJ/PNeulmocDy3xN2X5OkJL65zo6rPZp65cPPhLF9vfT/dgE+RtFRCSxOA=="
    },
    "lodash": {
      "version": "4.17.21",
      "resolved": "https://registry.npmjs.org/lodash/-/lodash-4.17.21.tgz",
      "integrity": "sha512-v2kDEe57lecTulaDIuNTPy3Ry4gLGJ6Z1O3vE1krgXZNrsQ+LFTGHVxVjcXPs17LhbZVGedAJv8XZ1tvj5FvSg=="
    }
  }
}
